<?xml version="1.0" encoding="UTF-8"?>
<Scheme
   LastUpgradeVersion = "1010"
   version = "1.7">
   <BuildAction
      parallelizeBuildables = "YES"
      buildImplicitDependencies = "YES">
      <PreActions>
         <ExecutionAction
            ActionType = "Xcode.IDEStandardExecutionActionsCore.ExecutionActionType.ShellScriptAction">
            <ActionContent
               title = "Run Script"
               scriptText = "# Type a script or drag a script file from your workspace to insert its path.&#10;cp -Rn /System/Library/CoreServices/ScreenSaverEngine.app /tmp&#10;SCREEN_SAVER_PATH=&quot;${HOME}/Library/Screen Savers/${FULL_PRODUCT_NAME}&quot;&#10;if [[ -d &quot;${SCREEN_SAVER_PATH}&quot; || -f &quot;${SCREEN_SAVER_PATH}&quot; || -L &quot;${SCREEN_SAVER_PATH}&quot; ]]; then&#10;rm -Rf &quot;${SCREEN_SAVER_PATH}&quot;&#10;fi&#10;ln -s &quot;${BUILT_PRODUCTS_DIR}/${FULL_PRODUCT_NAME}&quot; &quot;${SCREEN_SAVER_PATH}&quot;&#10;">
               <EnvironmentBuildable>
                  <BuildableReference
                     BuildableIdentifier = "primary"
                     BlueprintIdentifier = "A5659B71225BA3C90053AC94"
                     BuildableName = "RSSNut.saver"
                     BlueprintName = "RSSNut"
                     ReferencedContainer = "container:RSSNut.xcodeproj">
                  </BuildableReference>
               </EnvironmentBuildable>
            </ActionContent>
         </ExecutionAction>
      </PreActions>
      <BuildActionEntries>
         <BuildActionEntry
            buildForTesting = "YES"
            buildForRunning = "YES"
            buildForProfiling = "YES"
            buildForArchiving = "YES"
            buildForAnalyzing = "YES">
            <BuildableReference
               BuildableIdentifier = "primary"
               BlueprintIdentifier = "A5659B71225BA3C90053AC94"
               BuildableName = "RSSNut.saver"
               BlueprintName = "RSSNut"
               ReferencedContainer = "container:RSSNut.xcodeproj">
            </BuildableReference>
         </BuildActionEntry>
      </BuildActionEntries>
   </BuildAction>
   <TestAction
      buildConfiguration = "Debug"
      selectedDebuggerIdentifier = "Xcode.DebuggerFoundation.Debugger.LLDB"
      selectedLauncherIdentifier = "Xcode.DebuggerFoundation.Launcher.LLDB"
      shouldUseLaunchSchemeArgsEnv = "YES">
      <Testables>
      </Testables>
      <AdditionalOptions>
      </AdditionalOptions>
   </TestAction>
   <LaunchAction
      buildConfiguration = "Debug"
      selectedDebuggerIdentifier = "Xcode.DebuggerFoundation.Debugger.LLDB"
      selectedLauncherIdentifier = "Xcode.DebuggerFoundation.Launcher.LLDB"
      launchStyle = "0"
      useCustomWorkingDirectory = "NO"
      ignoresPersistentStateOnLaunch = "NO"
      debugDocumentVersioning = "YES"
      debugServiceExtension = "internal"
      allowLocationSimulation = "YES">
      <PathRunnable
         runnableDebuggingMode = "0"
         BundleIdentifier = "com.apple.ScreenSaver.Engine"
         FilePath = "/tmp/ScreenSaverEngine.app">
      </PathRunnable>
      <MacroExpansion>
         <BuildableReference
            BuildableIdentifier = "primary"
            BlueprintIdentifier = "A5659B71225BA3C90053AC94"
            BuildableName = "RSSNut.saver"
            BlueprintName = "RSSNut"
            ReferencedContainer = "container:RSSNut.xcodeproj">
         </BuildableReference>
      </MacroExpansion>
      <CommandLineArguments>
         <CommandLineArgument
            argument = "-module &quot;RSSNut&quot;"
            isEnabled = "YES">
         </CommandLineArgument>
         <CommandLineArgument
            argument = "-background"
            isEnabled = "YES">
         </CommandLineArgument>
         <CommandLineArgument
            argument = "-debug"
            isEnabled = "YES">
         </CommandLineArgument>
      </CommandLineArguments>
      <EnvironmentVariables>
         <EnvironmentVariable
            key = "CG_CONTEXT_SHOW_BACKTRAC"
            value = ""
            isEnabled = "YES">
         </EnvironmentVariable>
      </EnvironmentVariables>
      <AdditionalOptions>
      </AdditionalOptions>
   </LaunchAction>
   <ProfileAction
      buildConfiguration = "Release"
      shouldUseLaunchSchemeArgsEnv = "YES"
      savedToolIdentifier = ""
      useCustomWorkingDirectory = "NO"
      debugDocumentVersioning = "YES">
      <MacroExpansion>
         <BuildableReference
            BuildableIdentifier = "primary"
            BlueprintIdentifier = "A5659B71225BA3C90053AC94"
            BuildableName = "RSSNut.saver"
            BlueprintName = "RSSNut"
            ReferencedContainer = "container:RSSNut.xcodeproj">
         </BuildableReference>
      </MacroExpansion>
   </ProfileAction>
   <AnalyzeAction
      buildConfiguration = "Debug">
   </AnalyzeAction>
   <ArchiveAction
      buildConfiguration = "Release"
      revealArchiveInOrganizer = "YES">
   </ArchiveAction>
</Scheme>
